<?xml version="1.0" encoding="utf-8"?>
<Project ToolsVersion="4.0" xmlns="http://schemas.microsoft.com/developer/msbuild/2003">
  <ItemGroup>
    <Filter Include="Source Files">
      <UniqueIdentifier>{4FC737F1-C7A5-4376-A066-2A32D752A2FF}</UniqueIdentifier>
      <Extensions>cpp;cxx;c;def</Extensions>
    </Filter>
    <Filter Include="Header Files">
      <UniqueIdentifier>{93995380-89BD-4b04-88EB-625FBE52EBFB}</UniqueIdentifier>
      <Extensions>h</Extensions>
    </Filter>
    <Filter Include="Form Files">
      <UniqueIdentifier>{99349809-55BA-4b9d-BF79-8FDBB0286EB3}</UniqueIdentifier>
      <Extensions>ui</Extensions>
    </Filter>
    <Filter Include="Resource Files">
      <UniqueIdentifier>{D9D6E242-F8AF-46E4-B9FD-80ECBC20BA3E}</UniqueIdentifier>
      <Extensions>qrc;*</Extensions>
      <ParseFiles>false</ParseFiles>
    </Filter>
    <Filter Include="Generated Files">
      <UniqueIdentifier>{71ED8ED8-ACB9-4CE9-BBE1-E00B30144E11}</UniqueIdentifier>
      <Extensions>moc;h;cpp</Extensions>
      <SourceControlFiles>False</SourceControlFiles>
    </Filter>
    <Filter Include="Generated Files\Debug">
      <UniqueIdentifier>{6b5de9de-e929-4fb5-8afa-cb2c330715bf}</UniqueIdentifier>
      <Extensions>cpp;moc</Extensions>
      <SourceControlFiles>False</SourceControlFiles>
    </Filter>
    <Filter Include="Generated Files\Release">
      <UniqueIdentifier>{65128661-53ee-4165-848f-fa6081ae2568}</UniqueIdentifier>
      <Extensions>cpp;moc</Extensions>
      <SourceControlFiles>False</SourceControlFiles>
    </Filter>
    <Filter Include="Source Files\util">
      <UniqueIdentifier>{4742ba41-3acd-450c-a579-7f4bff46b54f}</UniqueIdentifier>
    </Filter>
    <Filter Include="Header Files\util">
      <UniqueIdentifier>{8fb75952-baa2-4cc9-b978-2589206983a9}</UniqueIdentifier>
    </Filter>
    <Filter Include="Source Files\sgwt">
      <UniqueIdentifier>{1e6e296c-ee5b-4215-8202-922a30eba716}</UniqueIdentifier>
    </Filter>
    <Filter Include="Header Files\sgwt">
      <UniqueIdentifier>{9e688571-c954-4f20-9c94-a10b98398ff1}</UniqueIdentifier>
    </Filter>
    <Filter Include="Header Files\compress">
      <UniqueIdentifier>{7b66f2f7-498f-49a9-938c-8280f1ff7615}</UniqueIdentifier>
    </Filter>
    <Filter Include="Source Files\compress">
      <UniqueIdentifier>{6309f35e-bdf8-4259-a0e2-6cd38f172404}</UniqueIdentifier>
    </Filter>
    <Filter Include="Header Files\octree">
      <UniqueIdentifier>{401519f3-743f-467a-84b3-b7db1d302f98}</UniqueIdentifier>
    </Filter>
    <Filter Include="Source Files\octree">
      <UniqueIdentifier>{f219cf8c-2d42-46f0-869c-906bae6e93f6}</UniqueIdentifier>
    </Filter>
  </ItemGroup>
  <ItemGroup>
    <ClCompile Include="main.cpp">
      <Filter>Source Files</Filter>
    </ClCompile>
    <ClCompile Include="GeneratedFiles\qrc_pcscompress.cpp">
      <Filter>Generated Files</Filter>
    </ClCompile>
    <ClCompile Include="GeneratedFiles\Debug\moc_zjw_opengl.cpp">
      <Filter>Generated Files\Debug</Filter>
    </ClCompile>
    <ClCompile Include="GeneratedFiles\Release\moc_zjw_opengl.cpp">
      <Filter>Generated Files\Release</Filter>
    </ClCompile>
    <ClCompile Include="zjw_dsaupd.cpp">
      <Filter>Source Files</Filter>
    </ClCompile>
    <ClCompile Include="GeneratedFiles\Debug\moc_pcscompress.cpp">
      <Filter>Generated Files\Debug</Filter>
    </ClCompile>
    <ClCompile Include="GeneratedFiles\Release\moc_pcscompress.cpp">
      <Filter>Generated Files\Release</Filter>
    </ClCompile>
    <ClCompile Include="pcscompress.cpp">
      <Filter>Source Files</Filter>
    </ClCompile>
    <ClCompile Include="util\zjw_math.cpp">
      <Filter>Source Files\util</Filter>
    </ClCompile>
    <ClCompile Include="util\zjw_obj.cpp">
      <Filter>Source Files\util</Filter>
    </ClCompile>
    <ClCompile Include="zjw_opengl.cpp">
      <Filter>Source Files\util</Filter>
    </ClCompile>
    <ClCompile Include="util\zjw_material.cpp">
      <Filter>Source Files\util</Filter>
    </ClCompile>
    <ClCompile Include="sgwt_util\zjw_sgwt_utils.cpp">
      <Filter>Source Files\sgwt</Filter>
    </ClCompile>
    <ClCompile Include="zjw_frame.cpp">
      <Filter>Source Files</Filter>
    </ClCompile>
    <ClCompile Include="util\zjw_fileBatch.cpp">
      <Filter>Source Files\util</Filter>
    </ClCompile>
    <ClCompile Include="util\zjw_timer.cc">
      <Filter>Source Files\util</Filter>
    </ClCompile>
    <ClCompile Include="util\zjw_kmeans.cpp">
      <Filter>Source Files\util</Filter>
    </ClCompile>
    <ClCompile Include="PngLoad.cpp">
      <Filter>Source Files\util</Filter>
    </ClCompile>
    <ClCompile Include="zjw_minresQLP.cpp">
      <Filter>Source Files</Filter>
    </ClCompile>
    <ClCompile Include="zjw_GFT.cpp">
      <Filter>Source Files</Filter>
    </ClCompile>
    <ClCompile Include="compress_util\zjw_bitFile.cpp">
      <Filter>Source Files\compress</Filter>
    </ClCompile>
    <ClCompile Include="compress_util\zjw_golombCoder.cpp">
      <Filter>Source Files\compress</Filter>
    </ClCompile>
    <ClCompile Include="compress_util\zjw_RLGR.cpp">
      <Filter>Source Files\compress</Filter>
    </ClCompile>
    <ClCompile Include="zjw_pcsRLGR.cpp">
      <Filter>Source Files\compress</Filter>
    </ClCompile>
    <ClCompile Include="octree\zjw_pcs_octree.cpp">
      <Filter>Source Files\octree</Filter>
    </ClCompile>
    <ClCompile Include="octree\zjw_pcs_double_buffer_octree.cpp">
      <Filter>Source Files\octree</Filter>
    </ClCompile>
  </ItemGroup>
  <ItemGroup>
    <CustomBuild Include="pcscompress.ui">
      <Filter>Form Files</Filter>
    </CustomBuild>
    <CustomBuild Include="pcscompress.qrc">
      <Filter>Resource Files</Filter>
    </CustomBuild>
    <CustomBuild Include="pcscompress.h">
      <Filter>Header Files</Filter>
    </CustomBuild>
    <CustomBuild Include="zjw_opengl.h">
      <Filter>Header Files\util</Filter>
    </CustomBuild>
  </ItemGroup>
  <ItemGroup>
    <ClInclude Include="zjw_dsaupd.h">
      <Filter>Header Files</Filter>
    </ClInclude>
    <ClInclude Include="util\zjw_math.h">
      <Filter>Header Files\util</Filter>
    </ClInclude>
    <ClInclude Include="util\zjw_obj.h">
      <Filter>Header Files\util</Filter>
    </ClInclude>
    <ClInclude Include="util\zjw_material.h">
      <Filter>Header Files\util</Filter>
    </ClInclude>
    <ClInclude Include="sgwt_util\pcg.h">
      <Filter>Header Files\sgwt</Filter>
    </ClInclude>
    <ClInclude Include="sgwt_util\zjw_sparse_laplacian.h">
      <Filter>Header Files\sgwt</Filter>
    </ClInclude>
    <ClInclude Include="sgwt_util\zjw_sgwt_utils.h">
      <Filter>Header Files\sgwt</Filter>
    </ClInclude>
    <ClInclude Include="sgwt_util\zjw_fminbnd.h">
      <Filter>Header Files\sgwt</Filter>
    </ClInclude>
    <ClInclude Include="zjw_frame.h">
      <Filter>Header Files</Filter>
    </ClInclude>
    <ClInclude Include="util\zjw_fileBatch.h">
      <Filter>Header Files\util</Filter>
    </ClInclude>
    <ClInclude Include="util\zjw_timer.h">
      <Filter>Header Files\util</Filter>
    </ClInclude>
    <ClInclude Include="util\zjw_kmeans.h">
      <Filter>Header Files\util</Filter>
    </ClInclude>
    <ClInclude Include="signalType.h">
      <Filter>Header Files</Filter>
    </ClInclude>
    <ClInclude Include="zjw_pngLoad.h">
      <Filter>Header Files\util</Filter>
    </ClInclude>
    <ClInclude Include="zjw_minresQLP.h">
      <Filter>Header Files\util</Filter>
    </ClInclude>
    <ClInclude Include="zjw_GFT.h">
      <Filter>Header Files</Filter>
    </ClInclude>
    <ClInclude Include="compress_util\zjw_RLGR.h">
      <Filter>Header Files\compress</Filter>
    </ClInclude>
    <ClInclude Include="compress_util\zjw_golombCoder.h">
      <Filter>Header Files\compress</Filter>
    </ClInclude>
    <ClInclude Include="compress_util\zjw_bitFile.h">
      <Filter>Header Files\compress</Filter>
    </ClInclude>
    <ClInclude Include="zjw_pcsRLGR.h">
      <Filter>Header Files\compress</Filter>
    </ClInclude>
    <ClInclude Include="octree\zjw_octree.h">
      <Filter>Header Files\octree</Filter>
    </ClInclude>
    <ClInclude Include="octree\zjw_pcs_octree.h">
      <Filter>Header Files\octree</Filter>
    </ClInclude>
    <ClInclude Include="octree\zjw_octree_double_buffer.h">
      <Filter>Header Files\octree</Filter>
    </ClInclude>
    <ClInclude Include="octree\zjw_pcs_double_buffer_octree.h">
      <Filter>Header Files\octree</Filter>
    </ClInclude>
  </ItemGroup>
  <ItemGroup>
    <None Include="util\zjw_macro.h">
      <Filter>Header Files</Filter>
    </None>
    <None Include=".gitignore" />
  </ItemGroup>
  <ItemGroup>
    <Image Include="PPro_MR_Male.png" />
  </ItemGroup>
  <ItemGroup>
    <Text Include="1outMotionVec.txt" />
  </ItemGroup>
</Project>